github.com/BurntSushi/toml v0.3.1/go.mod h1:xHWCNGjB5oqiDr8zfno3MHue2Ht5sIBksp03qcyfWMU=
github.com/davecgh/go-spew v1.1.1/go.mod h1:J7Y8YcW2NihsgmVo/mv3lAwl/skON4iLHjSsI+c5H38=
github.com/diogogmt/sdk v0.0.0-20201113160435-be34db35b0ce h1:fgH/J9leZGRJDWA9QiwB5HubbATsOnijCcIlug/xDyc=
github.com/diogogmt/sdk v0.0.0-20201113160435-be34db35b0ce/go.mod h1:aqBqJVTJmj0MTX9cP8wuReJPte6HyttMDzSS2u8nJwo=
github.com/diogogmt/sdk v0.0.0-20201204212852-38b761b8ff17 h1:8jc8TkOpyR1WLV/a9WLLUYkaEnmpTN9B2sHeWtPGpLM=
github.com/diogogmt/sdk v0.0.0-20201204212852-38b761b8ff17/go.mod h1:aqBqJVTJmj0MTX9cP8wuReJPte6HyttMDzSS2u8nJwo=
github.com/gosimple/slug v1.1.1 h1:fRu/digW+NMwBIP+RmviTK97Ho/bEj/C9swrCspN3D4=
github.com/gosimple/slug v1.1.1/go.mod h1:ER78kgg1Mv0NQGlXiDe57DpCyfbNywXXZ9mIorhxAf0=
github.com/grafana-tools/sdk v0.0.0-20201123153837-5fb28a7aa2ef h1:pBtpdcXGO5VLXzmOvlnqfxofkw1Ce8CyoV6mAQUJmm4=
github.com/grafana-tools/sdk v0.0.0-20201123153837-5fb28a7aa2ef/go.mod h1:aqBqJVTJmj0MTX9cP8wuReJPte6HyttMDzSS2u8nJwo=
github.com/pelletier/go-toml v1.6.0/go.mod h1:5N711Q9dKgbdkxHL+MEfF31hpT7l0S0s/t2kKREewys=
github.com/peterbourgon/ff v1.7.0 h1:hknvTgsh90jNBIjPq7xeq32Y9AmSbpXvjrFW4sJwW+A=
github.com/peterbourgon/ff/v2 v2.0.0 h1:lx0oYI5qr/FU1xnpNhQ+EZM04gKgn46jyYvGEEqBBbY=
github.com/peterbourgon/ff/v2 v2.0.0/go.mod h1:xjwr+t+SjWm4L46fcj/D+Ap+6ME7+HqFzaP22pP5Ggk=
github.com/pkg/errors v0.9.1 h1:FEBLx1zS214owpjy7qsBeixbURkuhQAwrK5UwLGTwt4=
github.com/pkg/errors v0.9.1/go.mod h1:bwawxfHBFNV+L2hUp1rHADufV3IMtnDRdf1r5NINEl0=
github.com/rainycape/unidecode v0.0.0-20150907023854-cb7f23ec59be h1:ta7tUOvsPHVHGom5hKW5VXNc2xZIkfCKP8iaqOyYtUQ=
github.com/rainycape/unidecode v0.0.0-20150907023854-cb7f23ec59be/go.mod h1:MIDFMn7db1kT65GmV94GzpX9Qdi7N/pQlwb+AN8wh+Q=
gopkg.in/check.v1 v0.0.0-20161208181325-20d25e280405/go.mod h1:Co6ibVJAznAaIkqp8huTwlJQCZ016jof/cbN4VW5Yz0=
gopkg.in/yaml.v2 v2.2.4/go.mod h1:hI93XBmqTisBFMUTm0b8Fm+jr3Dg1NNxqwp+5A1VGuI=
